
Microsoft Visual Studio Solution File, Format Version 12.00
Project("{FAE04EC0-301F-11D3-BF4B-00C04F79EFBC}") = "Dialogue Converter", "Dialogue Converter\Dialogue Converter.csproj", "{14A138E2-E3B6-42DD-8FC5-2EBB1B205063}"
EndProject
Global
	GlobalSection(SolutionConfigurationPlatforms) = preSolution
		Debug|Any CPU = Debug|Any CPU
		Release|Any CPU = Release|Any CPU
	EndGlobalSection
	GlobalSection(ProjectConfigurationPlatforms) = postSolution
		{14A138E2-E3B6-42DD-8FC5-2EBB1B205063}.Debug|Any CPU.ActiveCfg = Debug|Any CPU
		{14A138E2-E3B6-42DD-8FC5-2EBB1B205063}.Debug|Any CPU.Build.0 = Debug|Any CPU
		{14A138E2-E3B6-42DD-8FC5-2EBB1B205063}.Release|Any CPU.ActiveCfg = Release|Any CPU
		{14A138E2-E3B6-42DD-8FC5-2EBB1B205063}.Release|Any CPU.Build.0 = Release|Any CPU
	EndGlobalSection
EndGlobal
